
Microsoft Visual Studio Solution File, Format Version 12.00
# Visual Studio Version 17
VisualStudioVersion = 17.7.34024.191
MinimumVisualStudioVersion = 10.0.40219.1
Project("{8BC9CEB8-8B4A-11D0-8D11-00A0C91BC942}") = "cpp Elaborazione dati CSV", "C++ Elaborazione dati CSV\progetto CSV\Elaborazione dati CSV.vcxproj", "{D71F623B-960B-49AA-8EC6-1DFB22C867FA}"
EndProject
Global
	GlobalSection(SolutionConfigurationPlatforms) = preSolution
		Debug|x64 = Debug|x64
		Debug|x86 = Debug|x86
		Release|x64 = Release|x64
		Release|x86 = Release|x86
	EndGlobalSection
	GlobalSection(ProjectConfigurationPlatforms) = postSolution
		{D71F623B-960B-49AA-8EC6-1DFB22C867FA}.Debug|x64.ActiveCfg = Debug|x64
		{D71F623B-960B-49AA-8EC6-1DFB22C867FA}.Debug|x64.Build.0 = Debug|x64
		{D71F623B-960B-49AA-8EC6-1DFB22C867FA}.Debug|x86.ActiveCfg = Debug|Win32
		{D71F623B-960B-49AA-8EC6-1DFB22C867FA}.Debug|x86.Build.0 = Debug|Win32
		{D71F623B-960B-49AA-8EC6-1DFB22C867FA}.Release|x64.ActiveCfg = Release|x64
		{D71F623B-960B-49AA-8EC6-1DFB22C867FA}.Release|x64.Build.0 = Release|x64
		{D71F623B-960B-49AA-8EC6-1DFB22C867FA}.Release|x86.ActiveCfg = Release|Win32
		{D71F623B-960B-49AA-8EC6-1DFB22C867FA}.Release|x86.Build.0 = Release|Win32
	EndGlobalSection
	GlobalSection(SolutionProperties) = preSolution
		HideSolutionNode = FALSE
	EndGlobalSection
	GlobalSection(ExtensibilityGlobals) = postSolution
		SolutionGuid = {1A3DEF46-218C-46FF-A9C7-365A27CEA03A}
	EndGlobalSection
EndGlobal
